
Microsoft Visual Studio Solution File, Format Version 12.00
# Visual Studio Version 16
VisualStudioVersion = 16.0.810.6
MinimumVisualStudioVersion = 10.0.40219.1
Project("{FAE04EC0-301F-11D3-BF4B-00C04F79EFBC}") = "Consola", "Consola\Consola.csproj", "{979B98A6-505F-48B8-838A-451B1BE13417}"
EndProject
Global
	GlobalSection(SolutionConfigurationPlatforms) = preSolution
		Debug|anycpu = Debug|anycpu
		Release|anycpu = Release|anycpu
	EndGlobalSection
	GlobalSection(ProjectConfigurationPlatforms) = postSolution
		{979B98A6-505F-48B8-838A-451B1BE13417}.Debug|anycpu.ActiveCfg = Debug|anycpu
		{979B98A6-505F-48B8-838A-451B1BE13417}.Debug|anycpu.Build.0 = Debug|anycpu
		{979B98A6-505F-48B8-838A-451B1BE13417}.Release|anycpu.ActiveCfg = Release|anycpu
		{979B98A6-505F-48B8-838A-451B1BE13417}.Release|anycpu.Build.0 = Release|anycpu
	EndGlobalSection
	GlobalSection(SolutionProperties) = preSolution
		HideSolutionNode = FALSE
	EndGlobalSection
	GlobalSection(ExtensibilityGlobals) = postSolution
		SolutionGuid = {069F5D9F-BB92-4C9E-B399-6BBFAAD52D27}
	EndGlobalSection
EndGlobal
